// !$*UTF8*$!
{
	archiveVersion = 1;
	classes = {
	};
	objectVersion = 55;
	objects = {

/* Begin PBXBuildFile section */
		5C704C887801EE2CC9F8112A /* Pods_GrowMartApp.framework in Frameworks */ = {isa = PBXBuildFile; fileRef = 5A8C58F7365FE2142FD311E9 /* Pods_GrowMartApp.framework */; };
		88629B0328CAA0CD00F289EC /* CartView.swift in Sources */ = {isa = PBXBuildFile; fileRef = 88629B0228CAA0CD00F289EC /* CartView.swift */; };
		887E3D0928C2BE4E00E5D5EA /* SelectorView.swift in Sources */ = {isa = PBXBuildFile; fileRef = 887E3D0828C2BE4E00E5D5EA /* SelectorView.swift */; };
		887E3D0B28C2BE7100E5D5EA /* SelectorViewController.swift in Sources */ = {isa = PBXBuildFile; fileRef = 887E3D0A28C2BE7100E5D5EA /* SelectorViewController.swift */; };
		887E3D0E28C2BEB800E5D5EA /* CategoryButton.swift in Sources */ = {isa = PBXBuildFile; fileRef = 887E3D0D28C2BEB800E5D5EA /* CategoryButton.swift */; };
		887E3D1528C2BF7600E5D5EA /* LoginViewController.swift in Sources */ = {isa = PBXBuildFile; fileRef = 887E3D1428C2BF7600E5D5EA /* LoginViewController.swift */; };
		887E3D1728C2BF8200E5D5EA /* LoginView.swift in Sources */ = {isa = PBXBuildFile; fileRef = 887E3D1628C2BF8200E5D5EA /* LoginView.swift */; };
		887E3D1A28C2BFDE00E5D5EA /* UIColor+Extensions.swift in Sources */ = {isa = PBXBuildFile; fileRef = 887E3D1928C2BFDE00E5D5EA /* UIColor+Extensions.swift */; };
		887E3D1C28C2BFEF00E5D5EA /* UIFont+Extensions.swift in Sources */ = {isa = PBXBuildFile; fileRef = 887E3D1B28C2BFEF00E5D5EA /* UIFont+Extensions.swift */; };
		887E3D1F28C2C2FE00E5D5EA /* ViewCodable.swift in Sources */ = {isa = PBXBuildFile; fileRef = 887E3D1E28C2C2FE00E5D5EA /* ViewCodable.swift */; };
		8887AFA328C2AF0500808973 /* AppDelegate.swift in Sources */ = {isa = PBXBuildFile; fileRef = 8887AFA228C2AF0500808973 /* AppDelegate.swift */; };
		8887AFA528C2AF0500808973 /* SceneDelegate.swift in Sources */ = {isa = PBXBuildFile; fileRef = 8887AFA428C2AF0500808973 /* SceneDelegate.swift */; };
		8887AFAC28C2AF0700808973 /* Assets.xcassets in Resources */ = {isa = PBXBuildFile; fileRef = 8887AFAB28C2AF0700808973 /* Assets.xcassets */; };
		8887AFAF28C2AF0700808973 /* LaunchScreen.storyboard in Resources */ = {isa = PBXBuildFile; fileRef = 8887AFAD28C2AF0700808973 /* LaunchScreen.storyboard */; };
		88DFB46428CE370D009806B0 /* CartViewController.swift in Sources */ = {isa = PBXBuildFile; fileRef = 88DFB46328CE370D009806B0 /* CartViewController.swift */; };
/* End PBXBuildFile section */

/* Begin PBXFileReference section */
		5A8C58F7365FE2142FD311E9 /* Pods_GrowMartApp.framework */ = {isa = PBXFileReference; explicitFileType = wrapper.framework; includeInIndex = 0; path = Pods_GrowMartApp.framework; sourceTree = BUILT_PRODUCTS_DIR; };
		77D2861F146B5B4F79AB64E5 /* Pods-GrowMartApp.release.xcconfig */ = {isa = PBXFileReference; includeInIndex = 1; lastKnownFileType = text.xcconfig; name = "Pods-GrowMartApp.release.xcconfig"; path = "Target Support Files/Pods-GrowMartApp/Pods-GrowMartApp.release.xcconfig"; sourceTree = "<group>"; };
		88629B0228CAA0CD00F289EC /* CartView.swift */ = {isa = PBXFileReference; lastKnownFileType = sourcecode.swift; path = CartView.swift; sourceTree = "<group>"; };
		887E3D0828C2BE4E00E5D5EA /* SelectorView.swift */ = {isa = PBXFileReference; lastKnownFileType = sourcecode.swift; path = SelectorView.swift; sourceTree = "<group>"; };
		887E3D0A28C2BE7100E5D5EA /* SelectorViewController.swift */ = {isa = PBXFileReference; lastKnownFileType = sourcecode.swift; path = SelectorViewController.swift; sourceTree = "<group>"; };
		887E3D0D28C2BEB800E5D5EA /* CategoryButton.swift */ = {isa = PBXFileReference; lastKnownFileType = sourcecode.swift; path = CategoryButton.swift; sourceTree = "<group>"; };
		887E3D1128C2BF2300E5D5EA /* Nunito-Italic-VariableFont_wght.ttf */ = {isa = PBXFileReference; lastKnownFileType = file; path = "Nunito-Italic-VariableFont_wght.ttf"; sourceTree = "<group>"; };
		887E3D1228C2BF2300E5D5EA /* Nunito-VariableFont_wght.ttf */ = {isa = PBXFileReference; lastKnownFileType = file; path = "Nunito-VariableFont_wght.ttf"; sourceTree = "<group>"; };
		887E3D1428C2BF7600E5D5EA /* LoginViewController.swift */ = {isa = PBXFileReference; lastKnownFileType = sourcecode.swift; path = LoginViewController.swift; sourceTree = "<group>"; };
		887E3D1628C2BF8200E5D5EA /* LoginView.swift */ = {isa = PBXFileReference; lastKnownFileType = sourcecode.swift; path = LoginView.swift; sourceTree = "<group>"; };
		887E3D1928C2BFDE00E5D5EA /* UIColor+Extensions.swift */ = {isa = PBXFileReference; lastKnownFileType = sourcecode.swift; path = "UIColor+Extensions.swift"; sourceTree = "<group>"; };
		887E3D1B28C2BFEF00E5D5EA /* UIFont+Extensions.swift */ = {isa = PBXFileReference; lastKnownFileType = sourcecode.swift; path = "UIFont+Extensions.swift"; sourceTree = "<group>"; };
		887E3D1E28C2C2FE00E5D5EA /* ViewCodable.swift */ = {isa = PBXFileReference; lastKnownFileType = sourcecode.swift; path = ViewCodable.swift; sourceTree = "<group>"; };
		8887AF9F28C2AF0500808973 /* GrowMartApp.app */ = {isa = PBXFileReference; explicitFileType = wrapper.application; includeInIndex = 0; path = GrowMartApp.app; sourceTree = BUILT_PRODUCTS_DIR; };
		8887AFA228C2AF0500808973 /* AppDelegate.swift */ = {isa = PBXFileReference; lastKnownFileType = sourcecode.swift; path = AppDelegate.swift; sourceTree = "<group>"; };
		8887AFA428C2AF0500808973 /* SceneDelegate.swift */ = {isa = PBXFileReference; lastKnownFileType = sourcecode.swift; path = SceneDelegate.swift; sourceTree = "<group>"; };
		8887AFAB28C2AF0700808973 /* Assets.xcassets */ = {isa = PBXFileReference; lastKnownFileType = folder.assetcatalog; path = Assets.xcassets; sourceTree = "<group>"; };
		8887AFAE28C2AF0700808973 /* Base */ = {isa = PBXFileReference; lastKnownFileType = file.storyboard; name = Base; path = Base.lproj/LaunchScreen.storyboard; sourceTree = "<group>"; };
		8887AFB028C2AF0700808973 /* Info.plist */ = {isa = PBXFileReference; lastKnownFileType = text.plist.xml; path = Info.plist; sourceTree = "<group>"; };
		88DFB46328CE370D009806B0 /* CartViewController.swift */ = {isa = PBXFileReference; lastKnownFileType = sourcecode.swift; path = CartViewController.swift; sourceTree = "<group>"; };
		C2F022757DFBD23A0EA1EDEF /* Pods-GrowMartApp.debug.xcconfig */ = {isa = PBXFileReference; includeInIndex = 1; lastKnownFileType = text.xcconfig; name = "Pods-GrowMartApp.debug.xcconfig"; path = "Target Support Files/Pods-GrowMartApp/Pods-GrowMartApp.debug.xcconfig"; sourceTree = "<group>"; };
/* End PBXFileReference section */

/* Begin PBXFrameworksBuildPhase section */
		8887AF9C28C2AF0500808973 /* Frameworks */ = {
			isa = PBXFrameworksBuildPhase;
			buildActionMask = 2147483647;
			files = (
				5C704C887801EE2CC9F8112A /* Pods_GrowMartApp.framework in Frameworks */,
			);
			runOnlyForDeploymentPostprocessing = 0;
		};
/* End PBXFrameworksBuildPhase section */

/* Begin PBXGroup section */
		21328F14D108D0B7334F9BD9 /* Pods */ = {
			isa = PBXGroup;
			children = (
				C2F022757DFBD23A0EA1EDEF /* Pods-GrowMartApp.debug.xcconfig */,
				77D2861F146B5B4F79AB64E5 /* Pods-GrowMartApp.release.xcconfig */,
			);
			path = Pods;
			sourceTree = "<group>";
		};
		5412423EA1DA9FEB4A4A7529 /* Frameworks */ = {
			isa = PBXGroup;
			children = (
				5A8C58F7365FE2142FD311E9 /* Pods_GrowMartApp.framework */,
			);
			name = Frameworks;
			sourceTree = "<group>";
		};
		88629B0128CAA0B700F289EC /* Cart */ = {
			isa = PBXGroup;
			children = (
				88629B0228CAA0CD00F289EC /* CartView.swift */,
				88DFB46328CE370D009806B0 /* CartViewController.swift */,
			);
			path = Cart;
			sourceTree = "<group>";
		};
		887E3D0728C2BE3D00E5D5EA /* Selector */ = {
			isa = PBXGroup;
			children = (
				887E3D0828C2BE4E00E5D5EA /* SelectorView.swift */,
				887E3D0A28C2BE7100E5D5EA /* SelectorViewController.swift */,
			);
			path = Selector;
			sourceTree = "<group>";
		};
		887E3D0C28C2BE8B00E5D5EA /* Components */ = {
			isa = PBXGroup;
			children = (
				887E3D0D28C2BEB800E5D5EA /* CategoryButton.swift */,
			);
			path = Components;
			sourceTree = "<group>";
		};
		887E3D0F28C2BEED00E5D5EA /* Resources */ = {
			isa = PBXGroup;
			children = (
				8887AFAB28C2AF0700808973 /* Assets.xcassets */,
				887E3D1028C2BF1500E5D5EA /* Fonts */,
			);
			path = Resources;
			sourceTree = "<group>";
		};
		887E3D1028C2BF1500E5D5EA /* Fonts */ = {
			isa = PBXGroup;
			children = (
				887E3D1128C2BF2300E5D5EA /* Nunito-Italic-VariableFont_wght.ttf */,
				887E3D1228C2BF2300E5D5EA /* Nunito-VariableFont_wght.ttf */,
			);
			path = Fonts;
			sourceTree = "<group>";
		};
		887E3D1328C2BF5A00E5D5EA /* Login */ = {
			isa = PBXGroup;
			children = (
				887E3D1428C2BF7600E5D5EA /* LoginViewController.swift */,
				887E3D1628C2BF8200E5D5EA /* LoginView.swift */,
			);
			path = Login;
			sourceTree = "<group>";
		};
		887E3D1828C2BFBE00E5D5EA /* Extensions */ = {
			isa = PBXGroup;
			children = (
				887E3D1928C2BFDE00E5D5EA /* UIColor+Extensions.swift */,
				887E3D1B28C2BFEF00E5D5EA /* UIFont+Extensions.swift */,
			);
			path = Extensions;
			sourceTree = "<group>";
		};
		887E3D1D28C2C26500E5D5EA /* Delegate */ = {
			isa = PBXGroup;
			children = (
				8887AFA228C2AF0500808973 /* AppDelegate.swift */,
				8887AFA428C2AF0500808973 /* SceneDelegate.swift */,
			);
			path = Delegate;
			sourceTree = "<group>";
		};
		8887AF9628C2AF0500808973 = {
			isa = PBXGroup;
			children = (
				8887AFA128C2AF0500808973 /* GrowMartApp */,
				8887AFA028C2AF0500808973 /* Products */,
				21328F14D108D0B7334F9BD9 /* Pods */,
				5412423EA1DA9FEB4A4A7529 /* Frameworks */,
			);
			sourceTree = "<group>";
		};
		8887AFA028C2AF0500808973 /* Products */ = {
			isa = PBXGroup;
			children = (
				8887AF9F28C2AF0500808973 /* GrowMartApp.app */,
			);
			name = Products;
			sourceTree = "<group>";
		};
		8887AFA128C2AF0500808973 /* GrowMartApp */ = {
			isa = PBXGroup;
			children = (
				88629B0128CAA0B700F289EC /* Cart */,
				887E3D0728C2BE3D00E5D5EA /* Selector */,
				887E3D0C28C2BE8B00E5D5EA /* Components */,
				887E3D0F28C2BEED00E5D5EA /* Resources */,
				887E3D1328C2BF5A00E5D5EA /* Login */,
				887E3D1828C2BFBE00E5D5EA /* Extensions */,
				887E3D1D28C2C26500E5D5EA /* Delegate */,
				8887AFAD28C2AF0700808973 /* LaunchScreen.storyboard */,
				887E3D1E28C2C2FE00E5D5EA /* ViewCodable.swift */,
				8887AFB028C2AF0700808973 /* Info.plist */,
			);
			path = GrowMartApp;
			sourceTree = "<group>";
		};
/* End PBXGroup section */

/* Begin PBXNativeTarget section */
		8887AF9E28C2AF0500808973 /* GrowMartApp */ = {
			isa = PBXNativeTarget;
			buildConfigurationList = 8887AFB328C2AF0700808973 /* Build configuration list for PBXNativeTarget "GrowMartApp" */;
			buildPhases = (
				C0E076A3A47EF9F582E543DE /* [CP] Check Pods Manifest.lock */,
				8887AF9B28C2AF0500808973 /* Sources */,
				8887AF9C28C2AF0500808973 /* Frameworks */,
				8887AF9D28C2AF0500808973 /* Resources */,
			);
			buildRules = (
			);
			dependencies = (
			);
			name = GrowMartApp;
			productName = GrowMartApp;
			productReference = 8887AF9F28C2AF0500808973 /* GrowMartApp.app */;
			productType = "com.apple.product-type.application";
		};
/* End PBXNativeTarget section */

/* Begin PBXProject section */
		8887AF9728C2AF0500808973 /* Project object */ = {
			isa = PBXProject;
			attributes = {
				BuildIndependentTargetsInParallel = 1;
				LastSwiftUpdateCheck = 1340;
				LastUpgradeCheck = 1340;
				TargetAttributes = {
					8887AF9E28C2AF0500808973 = {
						CreatedOnToolsVersion = 13.4.1;
					};
				};
			};
			buildConfigurationList = 8887AF9A28C2AF0500808973 /* Build configuration list for PBXProject "GrowMartApp" */;
			compatibilityVersion = "Xcode 13.0";
			developmentRegion = en;
			hasScannedForEncodings = 0;
			knownRegions = (
				en,
				Base,
			);
			mainGroup = 8887AF9628C2AF0500808973;
			productRefGroup = 8887AFA028C2AF0500808973 /* Products */;
			projectDirPath = "";
			projectRoot = "";
			targets = (
				8887AF9E28C2AF0500808973 /* GrowMartApp */,
			);
		};
/* End PBXProject section */

/* Begin PBXResourcesBuildPhase section */
		8887AF9D28C2AF0500808973 /* Resources */ = {
			isa = PBXResourcesBuildPhase;
			buildActionMask = 2147483647;
			files = (
				8887AFAF28C2AF0700808973 /* LaunchScreen.storyboard in Resources */,
				8887AFAC28C2AF0700808973 /* Assets.xcassets in Resources */,
			);
			runOnlyForDeploymentPostprocessing = 0;
		};
/* End PBXResourcesBuildPhase section */

/* Begin PBXShellScriptBuildPhase section */
		C0E076A3A47EF9F582E543DE /* [CP] Check Pods Manifest.lock */ = {
			isa = PBXShellScriptBuildPhase;
			buildActionMask = 2147483647;
			files = (
			);
			inputFileListPaths = (
			);
			inputPaths = (
				"${PODS_PODFILE_DIR_PATH}/Podfile.lock",
				"${PODS_ROOT}/Manifest.lock",
			);
			name = "[CP] Check Pods Manifest.lock";
			outputFileListPaths = (
			);
			outputPaths = (
				"$(DERIVED_FILE_DIR)/Pods-GrowMartApp-checkManifestLockResult.txt",
			);
			runOnlyForDeploymentPostprocessing = 0;
			shellPath = /bin/sh;
			shellScript = "diff \"${PODS_PODFILE_DIR_PATH}/Podfile.lock\" \"${PODS_ROOT}/Manifest.lock\" > /dev/null\nif [ $? != 0 ] ; then\n    # print error to STDERR\n    echo \"error: The sandbox is not in sync with the Podfile.lock. Run 'pod install' or update your CocoaPods installation.\" >&2\n    exit 1\nfi\n# This output is used by Xcode 'outputs' to avoid re-running this script phase.\necho \"SUCCESS\" > \"${SCRIPT_OUTPUT_FILE_0}\"\n";
			showEnvVarsInLog = 0;
		};
/* End PBXShellScriptBuildPhase section */

/* Begin PBXSourcesBuildPhase section */
		8887AF9B28C2AF0500808973 /* Sources */ = {
			isa = PBXSourcesBuildPhase;
			buildActionMask = 2147483647;
			files = (
				887E3D1C28C2BFEF00E5D5EA /* UIFont+Extensions.swift in Sources */,
				887E3D1A28C2BFDE00E5D5EA /* UIColor+Extensions.swift in Sources */,
				887E3D0B28C2BE7100E5D5EA /* SelectorViewController.swift in Sources */,
				8887AFA328C2AF0500808973 /* AppDelegate.swift in Sources */,
				88DFB46428CE370D009806B0 /* CartViewController.swift in Sources */,
				887E3D1728C2BF8200E5D5EA /* LoginView.swift in Sources */,
				887E3D1F28C2C2FE00E5D5EA /* ViewCodable.swift in Sources */,
				88629B0328CAA0CD00F289EC /* CartView.swift in Sources */,
				8887AFA528C2AF0500808973 /* SceneDelegate.swift in Sources */,
				887E3D1528C2BF7600E5D5EA /* LoginViewController.swift in Sources */,
				887E3D0E28C2BEB800E5D5EA /* CategoryButton.swift in Sources */,
				887E3D0928C2BE4E00E5D5EA /* SelectorView.swift in Sources */,
			);
			runOnlyForDeploymentPostprocessing = 0;
		};
/* End PBXSourcesBuildPhase section */

/* Begin PBXVariantGroup section */
		8887AFAD28C2AF0700808973 /* LaunchScreen.storyboard */ = {
			isa = PBXVariantGroup;
			children = (
				8887AFAE28C2AF0700808973 /* Base */,
			);
			name = LaunchScreen.storyboard;
			sourceTree = "<group>";
		};
/* End PBXVariantGroup section */

/* Begin XCBuildConfiguration section */
		8887AFB128C2AF0700808973 /* Debug */ = {
			isa = XCBuildConfiguration;
			buildSettings = {
				ALWAYS_SEARCH_USER_PATHS = NO;
				CLANG_ANALYZER_NONNULL = YES;
				CLANG_ANALYZER_NUMBER_OBJECT_CONVERSION = YES_AGGRESSIVE;
				CLANG_CXX_LANGUAGE_STANDARD = "gnu++17";
				CLANG_ENABLE_MODULES = YES;
				CLANG_ENABLE_OBJC_ARC = YES;
				CLANG_ENABLE_OBJC_WEAK = YES;
				CLANG_WARN_BLOCK_CAPTURE_AUTORELEASING = YES;
				CLANG_WARN_BOOL_CONVERSION = YES;
				CLANG_WARN_COMMA = YES;
				CLANG_WARN_CONSTANT_CONVERSION = YES;
				CLANG_WARN_DEPRECATED_OBJC_IMPLEMENTATIONS = YES;
				CLANG_WARN_DIRECT_OBJC_ISA_USAGE = YES_ERROR;
				CLANG_WARN_DOCUMENTATION_COMMENTS = YES;
				CLANG_WARN_EMPTY_BODY = YES;
				CLANG_WARN_ENUM_CONVERSION = YES;
				CLANG_WARN_INFINITE_RECURSION = YES;
				CLANG_WARN_INT_CONVERSION = YES;
				CLANG_WARN_NON_LITERAL_NULL_CONVERSION = YES;
				CLANG_WARN_OBJC_IMPLICIT_RETAIN_SELF = YES;
				CLANG_WARN_OBJC_LITERAL_CONVERSION = YES;
				CLANG_WARN_OBJC_ROOT_CLASS = YES_ERROR;
				CLANG_WARN_QUOTED_INCLUDE_IN_FRAMEWORK_HEADER = YES;
				CLANG_WARN_RANGE_LOOP_ANALYSIS = YES;
				CLANG_WARN_STRICT_PROTOTYPES = YES;
				CLANG_WARN_SUSPICIOUS_MOVE = YES;
				CLANG_WARN_UNGUARDED_AVAILABILITY = YES_AGGRESSIVE;
				CLANG_WARN_UNREACHABLE_CODE = YES;
				CLANG_WARN__DUPLICATE_METHOD_MATCH = YES;
				COPY_PHASE_STRIP = NO;
				DEBUG_INFORMATION_FORMAT = dwarf;
				ENABLE_STRICT_OBJC_MSGSEND = YES;
				ENABLE_TESTABILITY = YES;
				GCC_C_LANGUAGE_STANDARD = gnu11;
				GCC_DYNAMIC_NO_PIC = NO;
				GCC_NO_COMMON_BLOCKS = YES;
				GCC_OPTIMIZATION_LEVEL = 0;
				GCC_PREPROCESSOR_DEFINITIONS = (
					"DEBUG=1",
					"$(inherited)",
				);
				GCC_WARN_64_TO_32_BIT_CONVERSION = YES;
				GCC_WARN_ABOUT_RETURN_TYPE = YES_ERROR;
				GCC_WARN_UNDECLARED_SELECTOR = YES;
				GCC_WARN_UNINITIALIZED_AUTOS = YES_AGGRESSIVE;
				GCC_WARN_UNUSED_FUNCTION = YES;
				GCC_WARN_UNUSED_VARIABLE = YES;
				IPHONEOS_DEPLOYMENT_TARGET = 15.5;
				MTL_ENABLE_DEBUG_INFO = INCLUDE_SOURCE;
				MTL_FAST_MATH = YES;
				ONLY_ACTIVE_ARCH = YES;
				SDKROOT = iphoneos;
				SWIFT_ACTIVE_COMPILATION_CONDITIONS = DEBUG;
				SWIFT_OPTIMIZATION_LEVEL = "-Onone";
			};
			name = Debug;
		};
		8887AFB228C2AF0700808973 /* Release */ = {
			isa = XCBuildConfiguration;
			buildSettings = {
				ALWAYS_SEARCH_USER_PATHS = NO;
				CLANG_ANALYZER_NONNULL = YES;
				CLANG_ANALYZER_NUMBER_OBJECT_CONVERSION = YES_AGGRESSIVE;
				CLANG_CXX_LANGUAGE_STANDARD = "gnu++17";
				CLANG_ENABLE_MODULES = YES;
				CLANG_ENABLE_OBJC_ARC = YES;
				CLANG_ENABLE_OBJC_WEAK = YES;
				CLANG_WARN_BLOCK_CAPTURE_AUTORELEASING = YES;
				CLANG_WARN_BOOL_CONVERSION = YES;
				CLANG_WARN_COMMA = YES;
				CLANG_WARN_CONSTANT_CONVERSION = YES;
				CLANG_WARN_DEPRECATED_OBJC_IMPLEMENTATIONS = YES;
				CLANG_WARN_DIRECT_OBJC_ISA_USAGE = YES_ERROR;
				CLANG_WARN_DOCUMENTATION_COMMENTS = YES;
				CLANG_WARN_EMPTY_BODY = YES;
				CLANG_WARN_ENUM_CONVERSION = YES;
				CLANG_WARN_INFINITE_RECURSION = YES;
				CLANG_WARN_INT_CONVERSION = YES;
				CLANG_WARN_NON_LITERAL_NULL_CONVERSION = YES;
				CLANG_WARN_OBJC_IMPLICIT_RETAIN_SELF = YES;
				CLANG_WARN_OBJC_LITERAL_CONVERSION = YES;
				CLANG_WARN_OBJC_ROOT_CLASS = YES_ERROR;
				CLANG_WARN_QUOTED_INCLUDE_IN_FRAMEWORK_HEADER = YES;
				CLANG_WARN_RANGE_LOOP_ANALYSIS = YES;
				CLANG_WARN_STRICT_PROTOTYPES = YES;
				CLANG_WARN_SUSPICIOUS_MOVE = YES;
				CLANG_WARN_UNGUARDED_AVAILABILITY = YES_AGGRESSIVE;
				CLANG_WARN_UNREACHABLE_CODE = YES;
				CLANG_WARN__DUPLICATE_METHOD_MATCH = YES;
				COPY_PHASE_STRIP = NO;
				DEBUG_INFORMATION_FORMAT = "dwarf-with-dsym";
				ENABLE_NS_ASSERTIONS = NO;
				ENABLE_STRICT_OBJC_MSGSEND = YES;
				GCC_C_LANGUAGE_STANDARD = gnu11;
				GCC_NO_COMMON_BLOCKS = YES;
				GCC_WARN_64_TO_32_BIT_CONVERSION = YES;
				GCC_WARN_ABOUT_RETURN_TYPE = YES_ERROR;
				GCC_WARN_UNDECLARED_SELECTOR = YES;
				GCC_WARN_UNINITIALIZED_AUTOS = YES_AGGRESSIVE;
				GCC_WARN_UNUSED_FUNCTION = YES;
				GCC_WARN_UNUSED_VARIABLE = YES;
				IPHONEOS_DEPLOYMENT_TARGET = 15.5;
				MTL_ENABLE_DEBUG_INFO = NO;
				MTL_FAST_MATH = YES;
				SDKROOT = iphoneos;
				SWIFT_COMPILATION_MODE = wholemodule;
				SWIFT_OPTIMIZATION_LEVEL = "-O";
				VALIDATE_PRODUCT = YES;
			};
			name = Release;
		};
		8887AFB428C2AF0700808973 /* Debug */ = {
			isa = XCBuildConfiguration;
			baseConfigurationReference = C2F022757DFBD23A0EA1EDEF /* Pods-GrowMartApp.debug.xcconfig */;
			buildSettings = {
				ASSETCATALOG_COMPILER_APPICON_NAME = AppIcon;
				ASSETCATALOG_COMPILER_GLOBAL_ACCENT_COLOR_NAME = AccentColor;
				CODE_SIGN_STYLE = Automatic;
				CURRENT_PROJECT_VERSION = 1;
				DEVELOPMENT_TEAM = 53BS3N83X8;
				GENERATE_INFOPLIST_FILE = YES;
				INFOPLIST_FILE = GrowMartApp/Info.plist;
				INFOPLIST_KEY_UIApplicationSupportsIndirectInputEvents = YES;
				INFOPLIST_KEY_UILaunchStoryboardName = LaunchScreen;
				INFOPLIST_KEY_UISupportedInterfaceOrientations_iPad = "UIInterfaceOrientationPortrait UIInterfaceOrientationPortraitUpsideDown UIInterfaceOrientationLandscapeLeft UIInterfaceOrientationLandscapeRight";
				INFOPLIST_KEY_UISupportedInterfaceOrientations_iPhone = "UIInterfaceOrientationPortrait UIInterfaceOrientationLandscapeLeft UIInterfaceOrientationLandscapeRight";
				LD_RUNPATH_SEARCH_PATHS = (
					"$(inherited)",
					"@executable_path/Frameworks",
				);
				MARKETING_VERSION = 1.0;
				PRODUCT_BUNDLE_IDENTIFIER = com.eduardojr.GrowMartApp;
				PRODUCT_NAME = "$(TARGET_NAME)";
				SWIFT_EMIT_LOC_STRINGS = YES;
				SWIFT_VERSION = 5.0;
				TARGETED_DEVICE_FAMILY = "1,2";
			};
			name = Debug;
		};
		8887AFB528C2AF0700808973 /* Release */ = {
			isa = XCBuildConfiguration;
			baseConfigurationReference = 77D2861F146B5B4F79AB64E5 /* Pods-GrowMartApp.release.xcconfig */;
			buildSettings = {
				ASSETCATALOG_COMPILER_APPICON_NAME = AppIcon;
				ASSETCATALOG_COMPILER_GLOBAL_ACCENT_COLOR_NAME = AccentColor;
				CODE_SIGN_STYLE = Automatic;
				CURRENT_PROJECT_VERSION = 1;
				DEVELOPMENT_TEAM = 53BS3N83X8;
				GENERATE_INFOPLIST_FILE = YES;
				INFOPLIST_FILE = GrowMartApp/Info.plist;
				INFOPLIST_KEY_UIApplicationSupportsIndirectInputEvents = YES;
				INFOPLIST_KEY_UILaunchStoryboardName = LaunchScreen;
				INFOPLIST_KEY_UISupportedInterfaceOrientations_iPad = "UIInterfaceOrientationPortrait UIInterfaceOrientationPortraitUpsideDown UIInterfaceOrientationLandscapeLeft UIInterfaceOrientationLandscapeRight";
				INFOPLIST_KEY_UISupportedInterfaceOrientations_iPhone = "UIInterfaceOrientationPortrait UIInterfaceOrientationLandscapeLeft UIInterfaceOrientationLandscapeRight";
				LD_RUNPATH_SEARCH_PATHS = (
					"$(inherited)",
					"@executable_path/Frameworks",
				);
				MARKETING_VERSION = 1.0;
				PRODUCT_BUNDLE_IDENTIFIER = com.eduardojr.GrowMartApp;
				PRODUCT_NAME = "$(TARGET_NAME)";
				SWIFT_EMIT_LOC_STRINGS = YES;
				SWIFT_VERSION = 5.0;
				TARGETED_DEVICE_FAMILY = "1,2";
			};
			name = Release;
		};
/* End XCBuildConfiguration section */

/* Begin XCConfigurationList section */
		8887AF9A28C2AF0500808973 /* Build configuration list for PBXProject "GrowMartApp" */ = {
			isa = XCConfigurationList;
			buildConfigurations = (
				8887AFB128C2AF0700808973 /* Debug */,
				8887AFB228C2AF0700808973 /* Release */,
			);
			defaultConfigurationIsVisible = 0;
			defaultConfigurationName = Release;
		};
		8887AFB328C2AF0700808973 /* Build configuration list for PBXNativeTarget "GrowMartApp" */ = {
			isa = XCConfigurationList;
			buildConfigurations = (
				8887AFB428C2AF0700808973 /* Debug */,
				8887AFB528C2AF0700808973 /* Release */,
			);
			defaultConfigurationIsVisible = 0;
			defaultConfigurationName = Release;
		};
/* End XCConfigurationList section */
	};
	rootObject = 8887AF9728C2AF0500808973 /* Project object */;
}
